
Microsoft Visual Studio Solution File, Format Version 12.00
# Visual Studio Version 16
VisualStudioVersion = 16.0.30503.244
MinimumVisualStudioVersion = 10.0.40219.1
Project("{FAE04EC0-301F-11D3-BF4B-00C04F79EFBC}") = "SC2.2.Android", "SC2.2.Android\SC2.2.Android.csproj", "{16D7BCA8-E82F-40B0-9142-78B16FA597BF}"
	ProjectSection(ProjectDependencies) = postProject
		{2B5CFE67-D78B-4CCD-A6BB-616BF772C094} = {2B5CFE67-D78B-4CCD-A6BB-616BF772C094}
		{8F0CB2A0-6F8C-4BB2-BDD2-EBAEBBC122B8} = {8F0CB2A0-6F8C-4BB2-BDD2-EBAEBBC122B8}
		{BB43B0DD-AC35-4F45-803E-BB195371B910} = {BB43B0DD-AC35-4F45-803E-BB195371B910}
	EndProjectSection
EndProject
Project("{FAE04EC0-301F-11D3-BF4B-00C04F79EFBC}") = "Engine", "Engine\Engine.csproj", "{2B5CFE67-D78B-4CCD-A6BB-616BF772C094}"
EndProject
Project("{FAE04EC0-301F-11D3-BF4B-00C04F79EFBC}") = "EntitySystem", "EntitySystem\EntitySystem.csproj", "{BB43B0DD-AC35-4F45-803E-BB195371B910}"
EndProject
Project("{FAE04EC0-301F-11D3-BF4B-00C04F79EFBC}") = "Survivalcraft", "Survivalcraft\Survivalcraft.csproj", "{8F0CB2A0-6F8C-4BB2-BDD2-EBAEBBC122B8}"
EndProject
Global
	GlobalSection(SolutionConfigurationPlatforms) = preSolution
		Debug|Any CPU = Debug|Any CPU
		Release|Any CPU = Release|Any CPU
	EndGlobalSection
	GlobalSection(ProjectConfigurationPlatforms) = postSolution
		{16D7BCA8-E82F-40B0-9142-78B16FA597BF}.Debug|Any CPU.ActiveCfg = Debug|Any CPU
		{16D7BCA8-E82F-40B0-9142-78B16FA597BF}.Debug|Any CPU.Build.0 = Debug|Any CPU
		{16D7BCA8-E82F-40B0-9142-78B16FA597BF}.Debug|Any CPU.Deploy.0 = Debug|Any CPU
		{16D7BCA8-E82F-40B0-9142-78B16FA597BF}.Release|Any CPU.ActiveCfg = Release|Any CPU
		{16D7BCA8-E82F-40B0-9142-78B16FA597BF}.Release|Any CPU.Build.0 = Release|Any CPU
		{16D7BCA8-E82F-40B0-9142-78B16FA597BF}.Release|Any CPU.Deploy.0 = Release|Any CPU
		{2B5CFE67-D78B-4CCD-A6BB-616BF772C094}.Debug|Any CPU.ActiveCfg = Debug|Any CPU
		{2B5CFE67-D78B-4CCD-A6BB-616BF772C094}.Debug|Any CPU.Build.0 = Debug|Any CPU
		{2B5CFE67-D78B-4CCD-A6BB-616BF772C094}.Release|Any CPU.ActiveCfg = Release|Any CPU
		{2B5CFE67-D78B-4CCD-A6BB-616BF772C094}.Release|Any CPU.Build.0 = Release|Any CPU
		{BB43B0DD-AC35-4F45-803E-BB195371B910}.Debug|Any CPU.ActiveCfg = Debug|Any CPU
		{BB43B0DD-AC35-4F45-803E-BB195371B910}.Debug|Any CPU.Build.0 = Debug|Any CPU
		{BB43B0DD-AC35-4F45-803E-BB195371B910}.Release|Any CPU.ActiveCfg = Release|Any CPU
		{BB43B0DD-AC35-4F45-803E-BB195371B910}.Release|Any CPU.Build.0 = Release|Any CPU
		{8F0CB2A0-6F8C-4BB2-BDD2-EBAEBBC122B8}.Debug|Any CPU.ActiveCfg = Debug|Any CPU
		{8F0CB2A0-6F8C-4BB2-BDD2-EBAEBBC122B8}.Debug|Any CPU.Build.0 = Debug|Any CPU
		{8F0CB2A0-6F8C-4BB2-BDD2-EBAEBBC122B8}.Release|Any CPU.ActiveCfg = Release|Any CPU
		{8F0CB2A0-6F8C-4BB2-BDD2-EBAEBBC122B8}.Release|Any CPU.Build.0 = Release|Any CPU
	EndGlobalSection
	GlobalSection(SolutionProperties) = preSolution
		HideSolutionNode = FALSE
	EndGlobalSection
	GlobalSection(ExtensibilityGlobals) = postSolution
		SolutionGuid = {F3B94A30-8A32-415E-BF3C-0B94F6F144C0}
	EndGlobalSection
EndGlobal
